
Microsoft Visual Studio Solution File, Format Version 12.00
# Visual Studio Version 17
VisualStudioVersion = 17.14.36429.23
MinimumVisualStudioVersion = 10.0.40219.1
Project("{FAE04EC0-301F-11D3-BF4B-00C04F79EFBC}") = "Tekno.Api", "Tekno.Api\Tekno.Api.csproj", "{02E774E8-DF67-4E67-9516-DA92DD951931}"
EndProject
Project("{FAE04EC0-301F-11D3-BF4B-00C04F79EFBC}") = "Tekno.Domain", "Tekno.Domain\Tekno.Domain.csproj", "{8E692ADC-4E22-4C6D-8358-D3A14921C027}"
EndProject
Project("{FAE04EC0-301F-11D3-BF4B-00C04F79EFBC}") = "Tekno.Infrastructure", "Tekno.Infrastructure\Tekno.Infrastructure.csproj", "{4BB5FB87-C263-47C9-9D5F-705446E6483A}"
EndProject
Project("{FAE04EC0-301F-11D3-BF4B-00C04F79EFBC}") = "Tekno.Application", "Tekno.Application\Tekno.Application.csproj", "{B7378669-0EFB-4D4E-8ED4-3229A544FD12}"
EndProject
Project("{2150E333-8FDC-42A3-9474-1A3956D46DE8}") = "Solution Items", "Solution Items", "{8EC462FD-D22E-90A8-E5CE-7E832BA40C5D}"
	ProjectSection(SolutionItems) = preProject
		docker-compose.yml = docker-compose.yml
	EndProjectSection
EndProject
Project("{2150E333-8FDC-42A3-9474-1A3956D46DE8}") = "Tests", "Tests", "{0AB3BF05-4346-4AA6-1389-037BE0695223}"
EndProject
Project("{FAE04EC0-301F-11D3-BF4B-00C04F79EFBC}") = "Domain.Tests", "Tests\Domain.Tests\Domain.Tests.csproj", "{0D9F15CC-91B8-478C-812D-3F845E5CFDE2}"
EndProject
Project("{FAE04EC0-301F-11D3-BF4B-00C04F79EFBC}") = "Application.Tests", "Tests\Application.Tests\Application.Tests.csproj", "{E71ADBFA-E2FE-4E15-8F90-0D8A17E922EF}"
EndProject
Project("{2150E333-8FDC-42A3-9474-1A3956D46DE8}") = "NewFolder1", "NewFolder1", "{02EA681E-C7D8-13C7-8484-4AC65E1B71E8}"
	ProjectSection(SolutionItems) = preProject
		.env = .env
		docker-compose.yml = docker-compose.yml
		Dockerfile = Dockerfile
	EndProjectSection
EndProject
Global
	GlobalSection(SolutionConfigurationPlatforms) = preSolution
		Debug|Any CPU = Debug|Any CPU
		Debug|x64 = Debug|x64
		Debug|x86 = Debug|x86
		Release|Any CPU = Release|Any CPU
		Release|x64 = Release|x64
		Release|x86 = Release|x86
	EndGlobalSection
	GlobalSection(ProjectConfigurationPlatforms) = postSolution
		{02E774E8-DF67-4E67-9516-DA92DD951931}.Debug|Any CPU.ActiveCfg = Debug|Any CPU
		{02E774E8-DF67-4E67-9516-DA92DD951931}.Debug|Any CPU.Build.0 = Debug|Any CPU
		{02E774E8-DF67-4E67-9516-DA92DD951931}.Debug|x64.ActiveCfg = Debug|Any CPU
		{02E774E8-DF67-4E67-9516-DA92DD951931}.Debug|x64.Build.0 = Debug|Any CPU
		{02E774E8-DF67-4E67-9516-DA92DD951931}.Debug|x86.ActiveCfg = Debug|Any CPU
		{02E774E8-DF67-4E67-9516-DA92DD951931}.Debug|x86.Build.0 = Debug|Any CPU
		{02E774E8-DF67-4E67-9516-DA92DD951931}.Release|Any CPU.ActiveCfg = Release|Any CPU
		{02E774E8-DF67-4E67-9516-DA92DD951931}.Release|Any CPU.Build.0 = Release|Any CPU
		{02E774E8-DF67-4E67-9516-DA92DD951931}.Release|x64.ActiveCfg = Release|Any CPU
		{02E774E8-DF67-4E67-9516-DA92DD951931}.Release|x64.Build.0 = Release|Any CPU
		{02E774E8-DF67-4E67-9516-DA92DD951931}.Release|x86.ActiveCfg = Release|Any CPU
		{02E774E8-DF67-4E67-9516-DA92DD951931}.Release|x86.Build.0 = Release|Any CPU
		{8E692ADC-4E22-4C6D-8358-D3A14921C027}.Debug|Any CPU.ActiveCfg = Debug|Any CPU
		{8E692ADC-4E22-4C6D-8358-D3A14921C027}.Debug|Any CPU.Build.0 = Debug|Any CPU
		{8E692ADC-4E22-4C6D-8358-D3A14921C027}.Debug|x64.ActiveCfg = Debug|Any CPU
		{8E692ADC-4E22-4C6D-8358-D3A14921C027}.Debug|x64.Build.0 = Debug|Any CPU
		{8E692ADC-4E22-4C6D-8358-D3A14921C027}.Debug|x86.ActiveCfg = Debug|Any CPU
		{8E692ADC-4E22-4C6D-8358-D3A14921C027}.Debug|x86.Build.0 = Debug|Any CPU
		{8E692ADC-4E22-4C6D-8358-D3A14921C027}.Release|Any CPU.ActiveCfg = Release|Any CPU
		{8E692ADC-4E22-4C6D-8358-D3A14921C027}.Release|Any CPU.Build.0 = Release|Any CPU
		{8E692ADC-4E22-4C6D-8358-D3A14921C027}.Release|x64.ActiveCfg = Release|Any CPU
		{8E692ADC-4E22-4C6D-8358-D3A14921C027}.Release|x64.Build.0 = Release|Any CPU
		{8E692ADC-4E22-4C6D-8358-D3A14921C027}.Release|x86.ActiveCfg = Release|Any CPU
		{8E692ADC-4E22-4C6D-8358-D3A14921C027}.Release|x86.Build.0 = Release|Any CPU
		{4BB5FB87-C263-47C9-9D5F-705446E6483A}.Debug|Any CPU.ActiveCfg = Debug|Any CPU
		{4BB5FB87-C263-47C9-9D5F-705446E6483A}.Debug|Any CPU.Build.0 = Debug|Any CPU
		{4BB5FB87-C263-47C9-9D5F-705446E6483A}.Debug|x64.ActiveCfg = Debug|Any CPU
		{4BB5FB87-C263-47C9-9D5F-705446E6483A}.Debug|x64.Build.0 = Debug|Any CPU
		{4BB5FB87-C263-47C9-9D5F-705446E6483A}.Debug|x86.ActiveCfg = Debug|Any CPU
		{4BB5FB87-C263-47C9-9D5F-705446E6483A}.Debug|x86.Build.0 = Debug|Any CPU
		{4BB5FB87-C263-47C9-9D5F-705446E6483A}.Release|Any CPU.ActiveCfg = Release|Any CPU
		{4BB5FB87-C263-47C9-9D5F-705446E6483A}.Release|Any CPU.Build.0 = Release|Any CPU
		{4BB5FB87-C263-47C9-9D5F-705446E6483A}.Release|x64.ActiveCfg = Release|Any CPU
		{4BB5FB87-C263-47C9-9D5F-705446E6483A}.Release|x64.Build.0 = Release|Any CPU
		{4BB5FB87-C263-47C9-9D5F-705446E6483A}.Release|x86.ActiveCfg = Release|Any CPU
		{4BB5FB87-C263-47C9-9D5F-705446E6483A}.Release|x86.Build.0 = Release|Any CPU
		{B7378669-0EFB-4D4E-8ED4-3229A544FD12}.Debug|Any CPU.ActiveCfg = Debug|Any CPU
		{B7378669-0EFB-4D4E-8ED4-3229A544FD12}.Debug|Any CPU.Build.0 = Debug|Any CPU
		{B7378669-0EFB-4D4E-8ED4-3229A544FD12}.Debug|x64.ActiveCfg = Debug|Any CPU
		{B7378669-0EFB-4D4E-8ED4-3229A544FD12}.Debug|x64.Build.0 = Debug|Any CPU
		{B7378669-0EFB-4D4E-8ED4-3229A544FD12}.Debug|x86.ActiveCfg = Debug|Any CPU
		{B7378669-0EFB-4D4E-8ED4-3229A544FD12}.Debug|x86.Build.0 = Debug|Any CPU
		{B7378669-0EFB-4D4E-8ED4-3229A544FD12}.Release|Any CPU.ActiveCfg = Release|Any CPU
		{B7378669-0EFB-4D4E-8ED4-3229A544FD12}.Release|Any CPU.Build.0 = Release|Any CPU
		{B7378669-0EFB-4D4E-8ED4-3229A544FD12}.Release|x64.ActiveCfg = Release|Any CPU
		{B7378669-0EFB-4D4E-8ED4-3229A544FD12}.Release|x64.Build.0 = Release|Any CPU
		{B7378669-0EFB-4D4E-8ED4-3229A544FD12}.Release|x86.ActiveCfg = Release|Any CPU
		{B7378669-0EFB-4D4E-8ED4-3229A544FD12}.Release|x86.Build.0 = Release|Any CPU
		{0D9F15CC-91B8-478C-812D-3F845E5CFDE2}.Debug|Any CPU.ActiveCfg = Debug|Any CPU
		{0D9F15CC-91B8-478C-812D-3F845E5CFDE2}.Debug|Any CPU.Build.0 = Debug|Any CPU
		{0D9F15CC-91B8-478C-812D-3F845E5CFDE2}.Debug|x64.ActiveCfg = Debug|Any CPU
		{0D9F15CC-91B8-478C-812D-3F845E5CFDE2}.Debug|x64.Build.0 = Debug|Any CPU
		{0D9F15CC-91B8-478C-812D-3F845E5CFDE2}.Debug|x86.ActiveCfg = Debug|Any CPU
		{0D9F15CC-91B8-478C-812D-3F845E5CFDE2}.Debug|x86.Build.0 = Debug|Any CPU
		{0D9F15CC-91B8-478C-812D-3F845E5CFDE2}.Release|Any CPU.ActiveCfg = Release|Any CPU
		{0D9F15CC-91B8-478C-812D-3F845E5CFDE2}.Release|Any CPU.Build.0 = Release|Any CPU
		{0D9F15CC-91B8-478C-812D-3F845E5CFDE2}.Release|x64.ActiveCfg = Release|Any CPU
		{0D9F15CC-91B8-478C-812D-3F845E5CFDE2}.Release|x64.Build.0 = Release|Any CPU
		{0D9F15CC-91B8-478C-812D-3F845E5CFDE2}.Release|x86.ActiveCfg = Release|Any CPU
		{0D9F15CC-91B8-478C-812D-3F845E5CFDE2}.Release|x86.Build.0 = Release|Any CPU
		{E71ADBFA-E2FE-4E15-8F90-0D8A17E922EF}.Debug|Any CPU.ActiveCfg = Debug|Any CPU
		{E71ADBFA-E2FE-4E15-8F90-0D8A17E922EF}.Debug|Any CPU.Build.0 = Debug|Any CPU
		{E71ADBFA-E2FE-4E15-8F90-0D8A17E922EF}.Debug|x64.ActiveCfg = Debug|Any CPU
		{E71ADBFA-E2FE-4E15-8F90-0D8A17E922EF}.Debug|x64.Build.0 = Debug|Any CPU
		{E71ADBFA-E2FE-4E15-8F90-0D8A17E922EF}.Debug|x86.ActiveCfg = Debug|Any CPU
		{E71ADBFA-E2FE-4E15-8F90-0D8A17E922EF}.Debug|x86.Build.0 = Debug|Any CPU
		{E71ADBFA-E2FE-4E15-8F90-0D8A17E922EF}.Release|Any CPU.ActiveCfg = Release|Any CPU
		{E71ADBFA-E2FE-4E15-8F90-0D8A17E922EF}.Release|Any CPU.Build.0 = Release|Any CPU
		{E71ADBFA-E2FE-4E15-8F90-0D8A17E922EF}.Release|x64.ActiveCfg = Release|Any CPU
		{E71ADBFA-E2FE-4E15-8F90-0D8A17E922EF}.Release|x64.Build.0 = Release|Any CPU
		{E71ADBFA-E2FE-4E15-8F90-0D8A17E922EF}.Release|x86.ActiveCfg = Release|Any CPU
		{E71ADBFA-E2FE-4E15-8F90-0D8A17E922EF}.Release|x86.Build.0 = Release|Any CPU
	EndGlobalSection
	GlobalSection(SolutionProperties) = preSolution
		HideSolutionNode = FALSE
	EndGlobalSection
	GlobalSection(NestedProjects) = preSolution
		{8EC462FD-D22E-90A8-E5CE-7E832BA40C5D} = {0AB3BF05-4346-4AA6-1389-037BE0695223}
		{0D9F15CC-91B8-478C-812D-3F845E5CFDE2} = {0AB3BF05-4346-4AA6-1389-037BE0695223}
		{E71ADBFA-E2FE-4E15-8F90-0D8A17E922EF} = {0AB3BF05-4346-4AA6-1389-037BE0695223}
	EndGlobalSection
	GlobalSection(ExtensibilityGlobals) = postSolution
		SolutionGuid = {9B4DE6C7-C917-44C1-A6EB-78B273EBB929}
	EndGlobalSection
EndGlobal
